
Microsoft Visual Studio Solution File, Format Version 12.00
# Visual Studio Version 17
VisualStudioVersion = 17.3.32922.545
MinimumVisualStudioVersion = 10.0.40219.1
Project("{FAE04EC0-301F-11D3-BF4B-00C04F79EFBC}") = "String", "String\String.csproj", "{4FF634AD-76D4-4ACA-9221-4520EDA88033}"
EndProject
Global
	GlobalSection(SolutionConfigurationPlatforms) = preSolution
		Debug|Any CPU = Debug|Any CPU
		Release|Any CPU = Release|Any CPU
	EndGlobalSection
	GlobalSection(ProjectConfigurationPlatforms) = postSolution
		{4FF634AD-76D4-4ACA-9221-4520EDA88033}.Debug|Any CPU.ActiveCfg = Debug|Any CPU
		{4FF634AD-76D4-4ACA-9221-4520EDA88033}.Debug|Any CPU.Build.0 = Debug|Any CPU
		{4FF634AD-76D4-4ACA-9221-4520EDA88033}.Release|Any CPU.ActiveCfg = Release|Any CPU
		{4FF634AD-76D4-4ACA-9221-4520EDA88033}.Release|Any CPU.Build.0 = Release|Any CPU
	EndGlobalSection
	GlobalSection(SolutionProperties) = preSolution
		HideSolutionNode = FALSE
	EndGlobalSection
	GlobalSection(ExtensibilityGlobals) = postSolution
		SolutionGuid = {FAC3E0C2-FB74-444D-9EB4-32A90F4B7EF3}
	EndGlobalSection
EndGlobal
