
Microsoft Visual Studio Solution File, Format Version 12.00
# Visual Studio Version 17
VisualStudioVersion = 17.3.32922.545
MinimumVisualStudioVersion = 10.0.40219.1
Project("{FAE04EC0-301F-11D3-BF4B-00C04F79EFBC}") = "Mini_Project_One", "Mini_Project_One\Mini_Project_One.csproj", "{F15E847D-3E31-46B0-9074-EC9AD65F83F8}"
EndProject
Project("{FAE04EC0-301F-11D3-BF4B-00C04F79EFBC}") = "OwnException", "OwnException\OwnException.csproj", "{B0E1FD46-1205-4D76-8593-38C76914E031}"
EndProject
Global
	GlobalSection(SolutionConfigurationPlatforms) = preSolution
		Debug|Any CPU = Debug|Any CPU
		Release|Any CPU = Release|Any CPU
	EndGlobalSection
	GlobalSection(ProjectConfigurationPlatforms) = postSolution
		{F15E847D-3E31-46B0-9074-EC9AD65F83F8}.Debug|Any CPU.ActiveCfg = Debug|Any CPU
		{F15E847D-3E31-46B0-9074-EC9AD65F83F8}.Debug|Any CPU.Build.0 = Debug|Any CPU
		{F15E847D-3E31-46B0-9074-EC9AD65F83F8}.Release|Any CPU.ActiveCfg = Release|Any CPU
		{F15E847D-3E31-46B0-9074-EC9AD65F83F8}.Release|Any CPU.Build.0 = Release|Any CPU
		{B0E1FD46-1205-4D76-8593-38C76914E031}.Debug|Any CPU.ActiveCfg = Debug|Any CPU
		{B0E1FD46-1205-4D76-8593-38C76914E031}.Debug|Any CPU.Build.0 = Debug|Any CPU
		{B0E1FD46-1205-4D76-8593-38C76914E031}.Release|Any CPU.ActiveCfg = Release|Any CPU
		{B0E1FD46-1205-4D76-8593-38C76914E031}.Release|Any CPU.Build.0 = Release|Any CPU
	EndGlobalSection
	GlobalSection(SolutionProperties) = preSolution
		HideSolutionNode = FALSE
	EndGlobalSection
	GlobalSection(ExtensibilityGlobals) = postSolution
		SolutionGuid = {EF3D7EBB-B571-4DAB-9BA4-19D7430277E4}
	EndGlobalSection
EndGlobal
