
Microsoft Visual Studio Solution File, Format Version 12.00
# Visual Studio Version 17
VisualStudioVersion = 17.3.32922.545
MinimumVisualStudioVersion = 10.0.40219.1
Project("{FAE04EC0-301F-11D3-BF4B-00C04F79EFBC}") = "SimpleApp", "SimpleApp\SimpleApp.csproj", "{A92F4118-878B-4043-B06F-1A8F2FDDDC42}"
EndProject
Global
	GlobalSection(SolutionConfigurationPlatforms) = preSolution
		Debug|Any CPU = Debug|Any CPU
		Release|Any CPU = Release|Any CPU
	EndGlobalSection
	GlobalSection(ProjectConfigurationPlatforms) = postSolution
		{A92F4118-878B-4043-B06F-1A8F2FDDDC42}.Debug|Any CPU.ActiveCfg = Debug|Any CPU
		{A92F4118-878B-4043-B06F-1A8F2FDDDC42}.Debug|Any CPU.Build.0 = Debug|Any CPU
		{A92F4118-878B-4043-B06F-1A8F2FDDDC42}.Release|Any CPU.ActiveCfg = Release|Any CPU
		{A92F4118-878B-4043-B06F-1A8F2FDDDC42}.Release|Any CPU.Build.0 = Release|Any CPU
	EndGlobalSection
	GlobalSection(SolutionProperties) = preSolution
		HideSolutionNode = FALSE
	EndGlobalSection
	GlobalSection(ExtensibilityGlobals) = postSolution
		SolutionGuid = {52629E2E-EE4B-4845-AC4F-181CC7E8AD56}
	EndGlobalSection
EndGlobal
