
Microsoft Visual Studio Solution File, Format Version 12.00
# Visual Studio Version 17
VisualStudioVersion = 17.3.32922.545
MinimumVisualStudioVersion = 10.0.40219.1
Project("{FAE04EC0-301F-11D3-BF4B-00C04F79EFBC}") = "JWTTokenWebAPI", "JWTTokenWebAPI\JWTTokenWebAPI.csproj", "{9551E9E1-AC39-4642-9AA5-C6B1EF1965E4}"
EndProject
Global
	GlobalSection(SolutionConfigurationPlatforms) = preSolution
		Debug|Any CPU = Debug|Any CPU
		Release|Any CPU = Release|Any CPU
	EndGlobalSection
	GlobalSection(ProjectConfigurationPlatforms) = postSolution
		{9551E9E1-AC39-4642-9AA5-C6B1EF1965E4}.Debug|Any CPU.ActiveCfg = Debug|Any CPU
		{9551E9E1-AC39-4642-9AA5-C6B1EF1965E4}.Debug|Any CPU.Build.0 = Debug|Any CPU
		{9551E9E1-AC39-4642-9AA5-C6B1EF1965E4}.Release|Any CPU.ActiveCfg = Release|Any CPU
		{9551E9E1-AC39-4642-9AA5-C6B1EF1965E4}.Release|Any CPU.Build.0 = Release|Any CPU
	EndGlobalSection
	GlobalSection(SolutionProperties) = preSolution
		HideSolutionNode = FALSE
	EndGlobalSection
	GlobalSection(ExtensibilityGlobals) = postSolution
		SolutionGuid = {057DDDBE-C34A-45E5-9E91-D6D87B6E0D19}
	EndGlobalSection
EndGlobal
